
Microsoft Visual Studio Solution File, Format Version 12.00
# Visual Studio Version 17
VisualStudioVersion = 17.2.32526.322
MinimumVisualStudioVersion = 10.0.40219.1
Project("{9A19103F-16F7-4668-BE54-9A1E7A4F7556}") = "SaveDevelopment_Lesson4", "SaveDevelopment_Lesson4\SaveDevelopment_Lesson4.csproj", "{F94C25B2-FAB7-4BA8-8D1E-13829CA19ECE}"
EndProject
Project("{FAE04EC0-301F-11D3-BF4B-00C04F79EFBC}") = "Lesson4Framework", "Lesson4Framework\Lesson4Framework.csproj", "{049F980E-B492-464F-9E0F-ED51CCF7E220}"
EndProject
Global
	GlobalSection(SolutionConfigurationPlatforms) = preSolution
		Debug|Any CPU = Debug|Any CPU
		Release|Any CPU = Release|Any CPU
	EndGlobalSection
	GlobalSection(ProjectConfigurationPlatforms) = postSolution
		{F94C25B2-FAB7-4BA8-8D1E-13829CA19ECE}.Debug|Any CPU.ActiveCfg = Debug|Any CPU
		{F94C25B2-FAB7-4BA8-8D1E-13829CA19ECE}.Debug|Any CPU.Build.0 = Debug|Any CPU
		{F94C25B2-FAB7-4BA8-8D1E-13829CA19ECE}.Release|Any CPU.ActiveCfg = Release|Any CPU
		{F94C25B2-FAB7-4BA8-8D1E-13829CA19ECE}.Release|Any CPU.Build.0 = Release|Any CPU
		{049F980E-B492-464F-9E0F-ED51CCF7E220}.Debug|Any CPU.ActiveCfg = Debug|Any CPU
		{049F980E-B492-464F-9E0F-ED51CCF7E220}.Debug|Any CPU.Build.0 = Debug|Any CPU
		{049F980E-B492-464F-9E0F-ED51CCF7E220}.Release|Any CPU.ActiveCfg = Release|Any CPU
		{049F980E-B492-464F-9E0F-ED51CCF7E220}.Release|Any CPU.Build.0 = Release|Any CPU
	EndGlobalSection
	GlobalSection(SolutionProperties) = preSolution
		HideSolutionNode = FALSE
	EndGlobalSection
	GlobalSection(ExtensibilityGlobals) = postSolution
		SolutionGuid = {59B3757D-27A4-409C-B85E-65C61AE5A075}
	EndGlobalSection
EndGlobal
